
Microsoft Visual Studio Solution File, Format Version 12.00
# Visual Studio Version 16
VisualStudioVersion = 16.0.29613.14
MinimumVisualStudioVersion = 10.0.40219.1
Project("{9A19103F-16F7-4668-BE54-9A1E7A4F7556}") = "Encryptor", "src\Encryptor\Encryptor.csproj", "{C93CA666-2139-4F0B-B809-2B5F7A0CD106}"
EndProject
Project("{FAE04EC0-301F-11D3-BF4B-00C04F79EFBC}") = "Starter", "Starter\Starter.csproj", "{62B65B62-1A46-4804-8FBB-CE7CD21E3E2F}"
EndProject
Global
	GlobalSection(SolutionConfigurationPlatforms) = preSolution
		Debug|Any CPU = Debug|Any CPU
		Release|Any CPU = Release|Any CPU
	EndGlobalSection
	GlobalSection(ProjectConfigurationPlatforms) = postSolution
		{C93CA666-2139-4F0B-B809-2B5F7A0CD106}.Debug|Any CPU.ActiveCfg = Debug|Any CPU
		{C93CA666-2139-4F0B-B809-2B5F7A0CD106}.Debug|Any CPU.Build.0 = Debug|Any CPU
		{C93CA666-2139-4F0B-B809-2B5F7A0CD106}.Release|Any CPU.ActiveCfg = Release|Any CPU
		{C93CA666-2139-4F0B-B809-2B5F7A0CD106}.Release|Any CPU.Build.0 = Release|Any CPU
		{62B65B62-1A46-4804-8FBB-CE7CD21E3E2F}.Debug|Any CPU.ActiveCfg = Debug|Any CPU
		{62B65B62-1A46-4804-8FBB-CE7CD21E3E2F}.Debug|Any CPU.Build.0 = Debug|Any CPU
		{62B65B62-1A46-4804-8FBB-CE7CD21E3E2F}.Release|Any CPU.ActiveCfg = Release|Any CPU
		{62B65B62-1A46-4804-8FBB-CE7CD21E3E2F}.Release|Any CPU.Build.0 = Release|Any CPU
	EndGlobalSection
	GlobalSection(SolutionProperties) = preSolution
		HideSolutionNode = FALSE
	EndGlobalSection
	GlobalSection(ExtensibilityGlobals) = postSolution
		SolutionGuid = {BB524983-73D6-496A-AE3B-97F4986188B9}
	EndGlobalSection
EndGlobal
